
Microsoft Visual Studio Solution File, Format Version 12.00
# Visual Studio Version 17
VisualStudioVersion = 17.3.32929.385
MinimumVisualStudioVersion = 10.0.40219.1
Project("{FAE04EC0-301F-11D3-BF4B-00C04F79EFBC}") = "TaxCalculator", "TaxCalculator\TaxCalculator.csproj", "{595DF102-6C0A-482E-AC53-9945D0B7DFA0}"
EndProject
Project("{FAE04EC0-301F-11D3-BF4B-00C04F79EFBC}") = "TaxCalculatorTest.NUnitTest", "TaxCalculatorTest.NUnitTest\TaxCalculatorTest.NUnitTest.csproj", "{AD04F564-D71E-45E3-95BF-E74F66367966}"
EndProject
Global
	GlobalSection(SolutionConfigurationPlatforms) = preSolution
		Debug|Any CPU = Debug|Any CPU
		Release|Any CPU = Release|Any CPU
	EndGlobalSection
	GlobalSection(ProjectConfigurationPlatforms) = postSolution
		{595DF102-6C0A-482E-AC53-9945D0B7DFA0}.Debug|Any CPU.ActiveCfg = Debug|Any CPU
		{595DF102-6C0A-482E-AC53-9945D0B7DFA0}.Debug|Any CPU.Build.0 = Debug|Any CPU
		{595DF102-6C0A-482E-AC53-9945D0B7DFA0}.Release|Any CPU.ActiveCfg = Release|Any CPU
		{595DF102-6C0A-482E-AC53-9945D0B7DFA0}.Release|Any CPU.Build.0 = Release|Any CPU
		{AD04F564-D71E-45E3-95BF-E74F66367966}.Debug|Any CPU.ActiveCfg = Debug|Any CPU
		{AD04F564-D71E-45E3-95BF-E74F66367966}.Debug|Any CPU.Build.0 = Debug|Any CPU
		{AD04F564-D71E-45E3-95BF-E74F66367966}.Release|Any CPU.ActiveCfg = Release|Any CPU
		{AD04F564-D71E-45E3-95BF-E74F66367966}.Release|Any CPU.Build.0 = Release|Any CPU
	EndGlobalSection
	GlobalSection(SolutionProperties) = preSolution
		HideSolutionNode = FALSE
	EndGlobalSection
	GlobalSection(ExtensibilityGlobals) = postSolution
		SolutionGuid = {FA93EC89-1FF2-403B-A616-9480ED4DB2F9}
	EndGlobalSection
EndGlobal
